github.com/speedyhoon/clr v0.0.0-20250115091128-89f2f467c845 h1:2WhB+riUNxaI6dqBkGVClb0MlGBi9Tf28Bz4cPJIyBY=
github.com/speedyhoon/clr v0.0.0-20250115091128-89f2f467c845/go.mod h1:2s+mJmRgMOL/taSuexLi/+YGIiOc9ULa3NU7KSnmvzQ=
github.com/speedyhoon/cnst/clrn v0.0.0-20250113035638-6d85be9cd736 h1:zhpqeKLSagFn95wwJ9fe9uXFlYtIGvy4dpk5sXpd//s=
github.com/speedyhoon/cnst/clrn v0.0.0-20250113035638-6d85be9cd736/go.mod h1:gsJNF+/77GZ+QOyuKoUtRTpGoA/cMB4tpCR/s/VR/Gk=
