github.com/speedyhoon/clr v0.0.0-20250405054240-6301f9f6b608 h1:cC4ZoTyNwVInv15rhhk2yaKphQh5PaU8PY3Ik6sYDEg=
github.com/speedyhoon/clr v0.0.0-20250405054240-6301f9f6b608/go.mod h1:2s+mJmRgMOL/taSuexLi/+YGIiOc9ULa3NU7KSnmvzQ=
github.com/speedyhoon/cnst/clrn v0.0.0-20250502153641-20575b9123ba h1:4x0uFlqjywG8IvCfR1dRah4fxLfVLdf2wAG0UcujOcQ=
github.com/speedyhoon/cnst/clrn v0.0.0-20250502153641-20575b9123ba/go.mod h1:gsJNF+/77GZ+QOyuKoUtRTpGoA/cMB4tpCR/s/VR/Gk=
