github.com/davecgh/go-spew v1.1.1 h1:vj9j/u1bqnvCEfJOwUhtlOARqs3+rkHYY13jYWTU97c=
github.com/davecgh/go-spew v1.1.1/go.mod h1:J7Y8YcW2NihsgmVo/mv3lAwl/skON4iLHjSsI+c5H38=
github.com/frankban/quicktest v1.14.4 h1:g2rn0vABPOOXmZUj+vbmUp0lPoXEMuhTpIluN0XL9UY=
github.com/frankban/quicktest v1.14.4/go.mod h1:4ptaffx2x8+WTWXmUCuVU6aPUX1/Mz7zb5vbUoiM6w0=
github.com/google/go-cmp v0.6.0 h1:ofyhxvXcZhMsU5ulbFiLKl/XBFqE1GSq7atu8tAmTRI=
github.com/google/go-cmp v0.6.0/go.mod h1:17dUlkBOakJ0+DkrSSNjCkIjxS6bF9zb3elmeNGIjoY=
github.com/kr/pretty v0.3.1 h1:flRD4NNwYAUpkphVc1HcthR4KEIFJ65n8Mw5qdRn3LE=
github.com/kr/pretty v0.3.1/go.mod h1:hoEshYVHaxMs3cyo3Yncou5ZscifuDolrwPKZanG3xk=
github.com/kr/text v0.2.0 h1:5Nx0Ya0ZqY2ygV366QzturHI13Jq95ApcVaJBhpS+AY=
github.com/kr/text v0.2.0/go.mod h1:eLer722TekiGuMkidMxC/pM04lWEeraHUUmBw8l2grE=
github.com/pmezard/go-difflib v1.0.0 h1:4DBwDE0NGyQoBHbLQYPwSUPoCMWR5BEzIk/f1lZbAQM=
github.com/pmezard/go-difflib v1.0.0/go.mod h1:iKH77koFhYxTK1pcRnkKkqfTogsbg7gZNVY4sRDYZ/4=
github.com/rogpeppe/go-internal v1.10.0 h1:TMyTOH3F/DB16zRVcYyreMH6GnZZrwQVAoYjRBZyWFQ=
github.com/rogpeppe/go-internal v1.10.0/go.mod h1:UQnix2H7Ngw/k4C5ijL5+65zddjncjaFoBhdsK/akog=
github.com/speedyhoon/numnam v0.0.0-20240329054832-e00509f06bd0 h1:Wf/5ifooRefTK/EyowwKd21UySaXzWa36tWJHA9bit0=
github.com/speedyhoon/numnam v0.0.0-20240329054832-e00509f06bd0/go.mod h1:yStEt6i5jVB9vGyLrY8MTVIERIBL3jF6xxqCGKjnHaE=
github.com/speedyhoon/rando v0.0.0-20240403141059-1bc67d8e39d8 h1:5NaXhPO76LuuiVjkPLZIKmXetji2IxzQ6Ryf7RsZBpI=
github.com/speedyhoon/rando v0.0.0-20240403141059-1bc67d8e39d8/go.mod h1:HS4kVHAohgYIPBcPH3gfXXHQPfW4CSBgykeOFFmEO0w=
github.com/speedyhoon/utl v0.0.0-20240404231947-dae8e873139b h1:vJj7GjLPtzdnkqnU5vmC/e/bhjrsIpy7NADVP5TigTg=
github.com/speedyhoon/utl v0.0.0-20240404231947-dae8e873139b/go.mod h1:6AyyjyiwyhP3HOixV4Omfe/3LDvowOWo8ivd8Wh2AUw=
github.com/speedyhoon/utl/tf v0.0.0-20240305004506-ee9abb1e303f h1:hwWbGisI5OMZcsGah2hPWgQV39ghaQjgU3LXARlewrw=
github.com/speedyhoon/utl/tf v0.0.0-20240305004506-ee9abb1e303f/go.mod h1:F7pya3IfvPjg9EMkJ/YNS8pr1bCGzkCqzLb6Jw+6aJ4=
github.com/stretchr/testify v1.8.4 h1:CcVxjf3Q8PM0mHUKJCdn+eZZtm5yQwehR5yeSVQQcUk=
github.com/stretchr/testify v1.8.4/go.mod h1:sz/lmYIOXD/1dqDmKjjqLyZ2RngseejIcXlSw2iwfAo=
golang.org/x/mod v0.14.0 h1:dGoOF9QVLYng8IHTm7BAyWqCqSheQ5pYWGhzW00YJr0=
golang.org/x/mod v0.14.0/go.mod h1:hTbmBsO62+eylJbnUtE2MGJUyE7QWk4xUqPFrRgJ+7c=
golang.org/x/tools v0.17.0 h1:FvmRgNOcs3kOa+T20R1uhfP9F6HgG2mfxDv1vrx1Htc=
golang.org/x/tools v0.17.0/go.mod h1:xsh6VxdV005rRVaS6SSAf9oiAqljS7UZUacMZ8Bnsps=
gopkg.in/yaml.v3 v3.0.1 h1:fxVm/GzAzEWqLHuvctI91KS9hhNmmWOoWu0XTYJS7CA=
gopkg.in/yaml.v3 v3.0.1/go.mod h1:K4uyk7z7BCEPqu6E+C64Yfv1cQ7kz7rIZviUmN+EgEM=
mvdan.cc/gofumpt v0.5.0 h1:0EQ+Z56k8tXjj/6TQD25BFNKQXpCvT0rnansIc7Ug5E=
mvdan.cc/gofumpt v0.5.0/go.mod h1:HBeVDtMKRZpXyxFciAirzdKklDlGu8aAy1wEbH5Y9js=
