github.com/davecgh/go-spew v1.1.1 h1:vj9j/u1bqnvCEfJOwUhtlOARqs3+rkHYY13jYWTU97c=
github.com/davecgh/go-spew v1.1.1/go.mod h1:J7Y8YcW2NihsgmVo/mv3lAwl/skON4iLHjSsI+c5H38=
github.com/go-quicktest/qt v1.101.0 h1:O1K29Txy5P2OK0dGo59b7b0LR6wKfIhttaAhHUyn7eI=
github.com/go-quicktest/qt v1.101.0/go.mod h1:14Bz/f7NwaXPtdYEgzsx46kqSxVwTbzVZsDC26tQJow=
github.com/google/go-cmp v0.7.0 h1:wk8382ETsv4JYUZwIsn6YpYiWiBsYLSJiTsyBybVuN8=
github.com/google/go-cmp v0.7.0/go.mod h1:pXiqmnSA92OHEEa9HXL2W4E7lf9JzCmGVUdgjX3N/iU=
github.com/kr/pretty v0.3.1 h1:flRD4NNwYAUpkphVc1HcthR4KEIFJ65n8Mw5qdRn3LE=
github.com/kr/pretty v0.3.1/go.mod h1:hoEshYVHaxMs3cyo3Yncou5ZscifuDolrwPKZanG3xk=
github.com/kr/text v0.2.0 h1:5Nx0Ya0ZqY2ygV366QzturHI13Jq95ApcVaJBhpS+AY=
github.com/kr/text v0.2.0/go.mod h1:eLer722TekiGuMkidMxC/pM04lWEeraHUUmBw8l2grE=
github.com/pmezard/go-difflib v1.0.0 h1:4DBwDE0NGyQoBHbLQYPwSUPoCMWR5BEzIk/f1lZbAQM=
github.com/pmezard/go-difflib v1.0.0/go.mod h1:iKH77koFhYxTK1pcRnkKkqfTogsbg7gZNVY4sRDYZ/4=
github.com/rogpeppe/go-internal v1.14.1 h1:UQB4HGPB6osV0SQTLymcB4TgvyWu6ZyliaW0tI/otEQ=
github.com/rogpeppe/go-internal v1.14.1/go.mod h1:MaRKkUm5W0goXpeCfT7UZI6fk/L7L7so1lCWt35ZSgc=
github.com/speedyhoon/clr v0.0.0-20250405054240-6301f9f6b608 h1:cC4ZoTyNwVInv15rhhk2yaKphQh5PaU8PY3Ik6sYDEg=
github.com/speedyhoon/clr v0.0.0-20250405054240-6301f9f6b608/go.mod h1:2s+mJmRgMOL/taSuexLi/+YGIiOc9ULa3NU7KSnmvzQ=
github.com/speedyhoon/cnst/clrn v0.0.0-20250502153641-20575b9123ba h1:4x0uFlqjywG8IvCfR1dRah4fxLfVLdf2wAG0UcujOcQ=
github.com/speedyhoon/cnst/clrn v0.0.0-20250502153641-20575b9123ba/go.mod h1:gsJNF+/77GZ+QOyuKoUtRTpGoA/cMB4tpCR/s/VR/Gk=
github.com/speedyhoon/numnam v0.0.0-20250423012847-2f079c7dedab h1:DWVbudwjq+W9s6zdJwj2BuIRXhi5g90v9hBkydDEUnI=
github.com/speedyhoon/numnam v0.0.0-20250423012847-2f079c7dedab/go.mod h1:yStEt6i5jVB9vGyLrY8MTVIERIBL3jF6xxqCGKjnHaE=
github.com/speedyhoon/rando v0.0.0-20250627070140-ee3052d63df9 h1:pc0eRD2xvkoWb8PevqmfKXel5mPg5SKer6TQ3m9gVNY=
github.com/speedyhoon/rando v0.0.0-20250627070140-ee3052d63df9/go.mod h1:08f0nzUshAoeAVIWBwJHn94morBmbNdZ6y5O9DutetM=
github.com/speedyhoon/utl v0.0.0-20250416234816-20f7a523763c h1:etUtAyOBOZh8JxnA06yEt2tfRGlRpRIrnVEwXrgLqaw=
github.com/speedyhoon/utl v0.0.0-20250416234816-20f7a523763c/go.mod h1:wfbkfK278UxeIC0hmDMExrrBoBSNbFOFjUpmqJ9v/og=
github.com/speedyhoon/utl/tf v0.0.0-20241219003927-c59b3c3a2c12 h1:W75p9QsLijTr539wiPLSL2Grqy3Yh5ka91uQ0XttvPs=
github.com/speedyhoon/utl/tf v0.0.0-20241219003927-c59b3c3a2c12/go.mod h1:F7pya3IfvPjg9EMkJ/YNS8pr1bCGzkCqzLb6Jw+6aJ4=
github.com/stretchr/testify v1.10.0 h1:Xv5erBjTwe/5IxqUQTdXv5kgmIvbHo3QQyRwhJsOfJA=
github.com/stretchr/testify v1.10.0/go.mod h1:r2ic/lqez/lEtzL7wO/rwa5dbSLXVDPFyf8C91i36aY=
golang.org/x/mod v0.25.0 h1:n7a+ZbQKQA/Ysbyb0/6IbB1H/X41mKgbhfv7AfG/44w=
golang.org/x/mod v0.25.0/go.mod h1:IXM97Txy2VM4PJ3gI61r1YEk/gAj6zAHN3AdZt6S9Ww=
golang.org/x/tools v0.34.0 h1:qIpSLOxeCYGg9TrcJokLBG4KFA6d795g0xkBkiESGlo=
golang.org/x/tools v0.34.0/go.mod h1:pAP9OwEaY1CAW3HOmg3hLZC5Z0CCmzjAF2UQMSqNARg=
gopkg.in/yaml.v3 v3.0.1 h1:fxVm/GzAzEWqLHuvctI91KS9hhNmmWOoWu0XTYJS7CA=
gopkg.in/yaml.v3 v3.0.1/go.mod h1:K4uyk7z7BCEPqu6E+C64Yfv1cQ7kz7rIZviUmN+EgEM=
mvdan.cc/gofumpt v0.8.0 h1:nZUCeC2ViFaerTcYKstMmfysj6uhQrA2vJe+2vwGU6k=
mvdan.cc/gofumpt v0.8.0/go.mod h1:vEYnSzyGPmjvFkqJWtXkh79UwPWP9/HMxQdGEXZHjpg=
